// !$*UTF8*$!
{
	archiveVersion = 1;
	classes = {
	};
	objectVersion = 56;
	objects = {

/* Begin PBXBuildFile section */
		C509F96729877207001CEAB3 /* Roboto-Thin.ttf in Resources */ = {isa = PBXBuildFile; fileRef = C509F95B29877207001CEAB3 /* Roboto-Thin.ttf */; };
		C509F96829877207001CEAB3 /* Roboto-Italic.ttf in Resources */ = {isa = PBXBuildFile; fileRef = C509F95C29877207001CEAB3 /* Roboto-Italic.ttf */; };
		C509F96929877207001CEAB3 /* Roboto-ThinItalic.ttf in Resources */ = {isa = PBXBuildFile; fileRef = C509F95D29877207001CEAB3 /* Roboto-ThinItalic.ttf */; };
		C509F96A29877207001CEAB3 /* Roboto-MediumItalic.ttf in Resources */ = {isa = PBXBuildFile; fileRef = C509F95E29877207001CEAB3 /* Roboto-MediumItalic.ttf */; };
		C509F96B29877207001CEAB3 /* Roboto-Bold.ttf in Resources */ = {isa = PBXBuildFile; fileRef = C509F95F29877207001CEAB3 /* Roboto-Bold.ttf */; };
		C509F96C29877207001CEAB3 /* Roboto-Medium.ttf in Resources */ = {isa = PBXBuildFile; fileRef = C509F96029877207001CEAB3 /* Roboto-Medium.ttf */; };
		C509F96D29877207001CEAB3 /* Roboto-Regular.ttf in Resources */ = {isa = PBXBuildFile; fileRef = C509F96129877207001CEAB3 /* Roboto-Regular.ttf */; };
		C509F96E29877207001CEAB3 /* Roboto-Light.ttf in Resources */ = {isa = PBXBuildFile; fileRef = C509F96229877207001CEAB3 /* Roboto-Light.ttf */; };
		C509F96F29877207001CEAB3 /* Roboto-BlackItalic.ttf in Resources */ = {isa = PBXBuildFile; fileRef = C509F96329877207001CEAB3 /* Roboto-BlackItalic.ttf */; };
		C509F97029877207001CEAB3 /* Roboto-BoldItalic.ttf in Resources */ = {isa = PBXBuildFile; fileRef = C509F96429877207001CEAB3 /* Roboto-BoldItalic.ttf */; };
		C509F97129877207001CEAB3 /* Roboto-Black.ttf in Resources */ = {isa = PBXBuildFile; fileRef = C509F96529877207001CEAB3 /* Roboto-Black.ttf */; };
		C509F97229877207001CEAB3 /* Roboto-LightItalic.ttf in Resources */ = {isa = PBXBuildFile; fileRef = C509F96629877207001CEAB3 /* Roboto-LightItalic.ttf */; };
		C5134DF829869F40004697D1 /* MindValleyTaskApp.swift in Sources */ = {isa = PBXBuildFile; fileRef = C5134DF729869F40004697D1 /* MindValleyTaskApp.swift */; };
		C5134DFA29869F40004697D1 /* HomeView.swift in Sources */ = {isa = PBXBuildFile; fileRef = C5134DF929869F40004697D1 /* HomeView.swift */; };
		C5134DFC29869F42004697D1 /* Assets.xcassets in Resources */ = {isa = PBXBuildFile; fileRef = C5134DFB29869F42004697D1 /* Assets.xcassets */; };
		C5134DFF29869F42004697D1 /* Preview Assets.xcassets in Resources */ = {isa = PBXBuildFile; fileRef = C5134DFE29869F42004697D1 /* Preview Assets.xcassets */; };
		C5134E0929869F42004697D1 /* ViewModelTests.swift in Sources */ = {isa = PBXBuildFile; fileRef = C5134E0829869F42004697D1 /* ViewModelTests.swift */; };
		C5134E292986B1F5004697D1 /* SDWebImageSwiftUI in Frameworks */ = {isa = PBXBuildFile; productRef = C5134E282986B1F5004697D1 /* SDWebImageSwiftUI */; settings = {ATTRIBUTES = (Weak, ); }; };
		C5134E322986B5B8004697D1 /* NewEpisodesModel.swift in Sources */ = {isa = PBXBuildFile; fileRef = C5134E312986B5B8004697D1 /* NewEpisodesModel.swift */; };
		C5134E342986B630004697D1 /* ChannelModel.swift in Sources */ = {isa = PBXBuildFile; fileRef = C5134E332986B630004697D1 /* ChannelModel.swift */; };
		C5134E362986B7E2004697D1 /* CategoryModel.swift in Sources */ = {isa = PBXBuildFile; fileRef = C5134E352986B7E2004697D1 /* CategoryModel.swift */; };
		C5785D81298FDF5B00B77EEA /* ChannelDB.swift in Sources */ = {isa = PBXBuildFile; fileRef = C5785D80298FDF5B00B77EEA /* ChannelDB.swift */; };
		C593969F298BCBA000386FB3 /* APIManager.swift in Sources */ = {isa = PBXBuildFile; fileRef = C593969E298BCBA000386FB3 /* APIManager.swift */; };
		C59396A1298BCF9600386FB3 /* APIError.swift in Sources */ = {isa = PBXBuildFile; fileRef = C59396A0298BCF9600386FB3 /* APIError.swift */; };
		C59396A3298BD2DA00386FB3 /* DecodingService.swift in Sources */ = {isa = PBXBuildFile; fileRef = C59396A2298BD2DA00386FB3 /* DecodingService.swift */; };
		C59396A5298BDA9F00386FB3 /* HomeGateway .swift in Sources */ = {isa = PBXBuildFile; fileRef = C59396A4298BDA9F00386FB3 /* HomeGateway .swift */; };
		C59396A7298C66F800386FB3 /* HomeVM.swift in Sources */ = {isa = PBXBuildFile; fileRef = C59396A6298C66F800386FB3 /* HomeVM.swift */; };
		C59A6900299039BA0001364F /* DatabaseManager.swift in Sources */ = {isa = PBXBuildFile; fileRef = C59A68FF299039BA0001364F /* DatabaseManager.swift */; };
		C59A6902299039E20001364F /* CoreDataStackManager.swift in Sources */ = {isa = PBXBuildFile; fileRef = C59A6901299039E20001364F /* CoreDataStackManager.swift */; };
		C59A690429904C7A0001364F /* CategoryEntity+CoreDataClass.swift in Sources */ = {isa = PBXBuildFile; fileRef = C59A690329904C7A0001364F /* CategoryEntity+CoreDataClass.swift */; };
		C59A690629904CC30001364F /* CategoryEntity+CoreDataProperties.swift in Sources */ = {isa = PBXBuildFile; fileRef = C59A690529904CC30001364F /* CategoryEntity+CoreDataProperties.swift */; };
		C5F5FAFD298E8EC300581BC0 /* HomeDataSource.swift in Sources */ = {isa = PBXBuildFile; fileRef = C5F5FAFC298E8EC300581BC0 /* HomeDataSource.swift */; };
		E8E78104299040170068EBAD /* HomeLocalDataSource.swift in Sources */ = {isa = PBXBuildFile; fileRef = E8E78103299040170068EBAD /* HomeLocalDataSource.swift */; };
		E8E78107299044940068EBAD /* Episodes.xcdatamodeld in Sources */ = {isa = PBXBuildFile; fileRef = E8E78105299044940068EBAD /* Episodes.xcdatamodeld */; };
		E8E78109299045C90068EBAD /* EpisodeEntity+CoreDataClass.swift in Sources */ = {isa = PBXBuildFile; fileRef = E8E78108299045C90068EBAD /* EpisodeEntity+CoreDataClass.swift */; };
		E8E7810B299045FD0068EBAD /* EpisodeEntity+CoreDataProperties.swift in Sources */ = {isa = PBXBuildFile; fileRef = E8E7810A299045FD0068EBAD /* EpisodeEntity+CoreDataProperties.swift */; };
		E8E91D5F2990535F004CC8BD /* SDWebImageSwiftUI in Frameworks */ = {isa = PBXBuildFile; productRef = E8E91D5E2990535F004CC8BD /* SDWebImageSwiftUI */; settings = {ATTRIBUTES = (Weak, ); }; };
		E8E91D61299054D3004CC8BD /* HomeGatewayMock.swift in Sources */ = {isa = PBXBuildFile; fileRef = E8E91D60299054D3004CC8BD /* HomeGatewayMock.swift */; };
		E8E91D6329905707004CC8BD /* DataSourceTests.swift in Sources */ = {isa = PBXBuildFile; fileRef = E8E91D6229905707004CC8BD /* DataSourceTests.swift */; };
/* End PBXBuildFile section */

/* Begin PBXContainerItemProxy section */
		C5134E0529869F42004697D1 /* PBXContainerItemProxy */ = {
			isa = PBXContainerItemProxy;
			containerPortal = C5134DEC29869F40004697D1 /* Project object */;
			proxyType = 1;
			remoteGlobalIDString = C5134DF329869F40004697D1;
			remoteInfo = MindValleyTask;
		};
/* End PBXContainerItemProxy section */

/* Begin PBXFileReference section */
		C509F95B29877207001CEAB3 /* Roboto-Thin.ttf */ = {isa = PBXFileReference; lastKnownFileType = file; path = "Roboto-Thin.ttf"; sourceTree = "<group>"; };
		C509F95C29877207001CEAB3 /* Roboto-Italic.ttf */ = {isa = PBXFileReference; lastKnownFileType = file; path = "Roboto-Italic.ttf"; sourceTree = "<group>"; };
		C509F95D29877207001CEAB3 /* Roboto-ThinItalic.ttf */ = {isa = PBXFileReference; lastKnownFileType = file; path = "Roboto-ThinItalic.ttf"; sourceTree = "<group>"; };
		C509F95E29877207001CEAB3 /* Roboto-MediumItalic.ttf */ = {isa = PBXFileReference; lastKnownFileType = file; path = "Roboto-MediumItalic.ttf"; sourceTree = "<group>"; };
		C509F95F29877207001CEAB3 /* Roboto-Bold.ttf */ = {isa = PBXFileReference; lastKnownFileType = file; path = "Roboto-Bold.ttf"; sourceTree = "<group>"; };
		C509F96029877207001CEAB3 /* Roboto-Medium.ttf */ = {isa = PBXFileReference; lastKnownFileType = file; path = "Roboto-Medium.ttf"; sourceTree = "<group>"; };
		C509F96129877207001CEAB3 /* Roboto-Regular.ttf */ = {isa = PBXFileReference; lastKnownFileType = file; path = "Roboto-Regular.ttf"; sourceTree = "<group>"; };
		C509F96229877207001CEAB3 /* Roboto-Light.ttf */ = {isa = PBXFileReference; lastKnownFileType = file; path = "Roboto-Light.ttf"; sourceTree = "<group>"; };
		C509F96329877207001CEAB3 /* Roboto-BlackItalic.ttf */ = {isa = PBXFileReference; lastKnownFileType = file; path = "Roboto-BlackItalic.ttf"; sourceTree = "<group>"; };
		C509F96429877207001CEAB3 /* Roboto-BoldItalic.ttf */ = {isa = PBXFileReference; lastKnownFileType = file; path = "Roboto-BoldItalic.ttf"; sourceTree = "<group>"; };
		C509F96529877207001CEAB3 /* Roboto-Black.ttf */ = {isa = PBXFileReference; lastKnownFileType = file; path = "Roboto-Black.ttf"; sourceTree = "<group>"; };
		C509F96629877207001CEAB3 /* Roboto-LightItalic.ttf */ = {isa = PBXFileReference; lastKnownFileType = file; path = "Roboto-LightItalic.ttf"; sourceTree = "<group>"; };
		C5134DF429869F40004697D1 /* MindValleyTask.app */ = {isa = PBXFileReference; explicitFileType = wrapper.application; includeInIndex = 0; path = MindValleyTask.app; sourceTree = BUILT_PRODUCTS_DIR; };
		C5134DF729869F40004697D1 /* MindValleyTaskApp.swift */ = {isa = PBXFileReference; lastKnownFileType = sourcecode.swift; path = MindValleyTaskApp.swift; sourceTree = "<group>"; };
		C5134DF929869F40004697D1 /* HomeView.swift */ = {isa = PBXFileReference; lastKnownFileType = sourcecode.swift; path = HomeView.swift; sourceTree = "<group>"; };
		C5134DFB29869F42004697D1 /* Assets.xcassets */ = {isa = PBXFileReference; lastKnownFileType = folder.assetcatalog; path = Assets.xcassets; sourceTree = "<group>"; };
		C5134DFE29869F42004697D1 /* Preview Assets.xcassets */ = {isa = PBXFileReference; lastKnownFileType = folder.assetcatalog; path = "Preview Assets.xcassets"; sourceTree = "<group>"; };
		C5134E0429869F42004697D1 /* MindValleyTaskTests.xctest */ = {isa = PBXFileReference; explicitFileType = wrapper.cfbundle; includeInIndex = 0; path = MindValleyTaskTests.xctest; sourceTree = BUILT_PRODUCTS_DIR; };
		C5134E0829869F42004697D1 /* ViewModelTests.swift */ = {isa = PBXFileReference; lastKnownFileType = sourcecode.swift; path = ViewModelTests.swift; sourceTree = "<group>"; };
		C5134E312986B5B8004697D1 /* NewEpisodesModel.swift */ = {isa = PBXFileReference; lastKnownFileType = sourcecode.swift; path = NewEpisodesModel.swift; sourceTree = "<group>"; };
		C5134E332986B630004697D1 /* ChannelModel.swift */ = {isa = PBXFileReference; lastKnownFileType = sourcecode.swift; path = ChannelModel.swift; sourceTree = "<group>"; };
		C5134E352986B7E2004697D1 /* CategoryModel.swift */ = {isa = PBXFileReference; lastKnownFileType = sourcecode.swift; path = CategoryModel.swift; sourceTree = "<group>"; };
		C5134E3B2986BEBD004697D1 /* Info.plist */ = {isa = PBXFileReference; lastKnownFileType = text.plist; path = Info.plist; sourceTree = "<group>"; };
		C5785D80298FDF5B00B77EEA /* ChannelDB.swift */ = {isa = PBXFileReference; lastKnownFileType = sourcecode.swift; path = ChannelDB.swift; sourceTree = "<group>"; };
		C593969E298BCBA000386FB3 /* APIManager.swift */ = {isa = PBXFileReference; lastKnownFileType = sourcecode.swift; path = APIManager.swift; sourceTree = "<group>"; };
		C59396A0298BCF9600386FB3 /* APIError.swift */ = {isa = PBXFileReference; lastKnownFileType = sourcecode.swift; path = APIError.swift; sourceTree = "<group>"; };
		C59396A2298BD2DA00386FB3 /* DecodingService.swift */ = {isa = PBXFileReference; lastKnownFileType = sourcecode.swift; path = DecodingService.swift; sourceTree = "<group>"; };
		C59396A4298BDA9F00386FB3 /* HomeGateway .swift */ = {isa = PBXFileReference; lastKnownFileType = sourcecode.swift; path = "HomeGateway .swift"; sourceTree = "<group>"; };
		C59396A6298C66F800386FB3 /* HomeVM.swift */ = {isa = PBXFileReference; lastKnownFileType = sourcecode.swift; path = HomeVM.swift; sourceTree = "<group>"; };
		C59A68FF299039BA0001364F /* DatabaseManager.swift */ = {isa = PBXFileReference; lastKnownFileType = sourcecode.swift; path = DatabaseManager.swift; sourceTree = "<group>"; };
		C59A6901299039E20001364F /* CoreDataStackManager.swift */ = {isa = PBXFileReference; lastKnownFileType = sourcecode.swift; path = CoreDataStackManager.swift; sourceTree = "<group>"; };
		C59A690329904C7A0001364F /* CategoryEntity+CoreDataClass.swift */ = {isa = PBXFileReference; lastKnownFileType = sourcecode.swift; path = "CategoryEntity+CoreDataClass.swift"; sourceTree = "<group>"; };
		C59A690529904CC30001364F /* CategoryEntity+CoreDataProperties.swift */ = {isa = PBXFileReference; lastKnownFileType = sourcecode.swift; path = "CategoryEntity+CoreDataProperties.swift"; sourceTree = "<group>"; };
		C5F5FAFC298E8EC300581BC0 /* HomeDataSource.swift */ = {isa = PBXFileReference; lastKnownFileType = sourcecode.swift; path = HomeDataSource.swift; sourceTree = "<group>"; };
		E8E78103299040170068EBAD /* HomeLocalDataSource.swift */ = {isa = PBXFileReference; lastKnownFileType = sourcecode.swift; path = HomeLocalDataSource.swift; sourceTree = "<group>"; };
		E8E78106299044940068EBAD /* Episodes.xcdatamodel */ = {isa = PBXFileReference; lastKnownFileType = wrapper.xcdatamodel; path = Episodes.xcdatamodel; sourceTree = "<group>"; };
		E8E78108299045C90068EBAD /* EpisodeEntity+CoreDataClass.swift */ = {isa = PBXFileReference; lastKnownFileType = sourcecode.swift; path = "EpisodeEntity+CoreDataClass.swift"; sourceTree = "<group>"; };
		E8E7810A299045FD0068EBAD /* EpisodeEntity+CoreDataProperties.swift */ = {isa = PBXFileReference; lastKnownFileType = sourcecode.swift; path = "EpisodeEntity+CoreDataProperties.swift"; sourceTree = "<group>"; };
		E8E91D60299054D3004CC8BD /* HomeGatewayMock.swift */ = {isa = PBXFileReference; lastKnownFileType = sourcecode.swift; path = HomeGatewayMock.swift; sourceTree = "<group>"; };
		E8E91D6229905707004CC8BD /* DataSourceTests.swift */ = {isa = PBXFileReference; lastKnownFileType = sourcecode.swift; path = DataSourceTests.swift; sourceTree = "<group>"; };
/* End PBXFileReference section */

/* Begin PBXFrameworksBuildPhase section */
		C5134DF129869F40004697D1 /* Frameworks */ = {
			isa = PBXFrameworksBuildPhase;
			buildActionMask = 2147483647;
			files = (
				C5134E292986B1F5004697D1 /* SDWebImageSwiftUI in Frameworks */,
			);
			runOnlyForDeploymentPostprocessing = 0;
		};
		C5134E0129869F42004697D1 /* Frameworks */ = {
			isa = PBXFrameworksBuildPhase;
			buildActionMask = 2147483647;
			files = (
				E8E91D5F2990535F004CC8BD /* SDWebImageSwiftUI in Frameworks */,
			);
			runOnlyForDeploymentPostprocessing = 0;
		};
/* End PBXFrameworksBuildPhase section */

/* Begin PBXGroup section */
		C509F973298775FD001CEAB3 /* Font */ = {
			isa = PBXGroup;
			children = (
				C509F96529877207001CEAB3 /* Roboto-Black.ttf */,
				C509F96329877207001CEAB3 /* Roboto-BlackItalic.ttf */,
				C509F95F29877207001CEAB3 /* Roboto-Bold.ttf */,
				C509F96429877207001CEAB3 /* Roboto-BoldItalic.ttf */,
				C509F95C29877207001CEAB3 /* Roboto-Italic.ttf */,
				C509F96229877207001CEAB3 /* Roboto-Light.ttf */,
				C509F96629877207001CEAB3 /* Roboto-LightItalic.ttf */,
				C509F96029877207001CEAB3 /* Roboto-Medium.ttf */,
				C509F95E29877207001CEAB3 /* Roboto-MediumItalic.ttf */,
				C509F96129877207001CEAB3 /* Roboto-Regular.ttf */,
				C509F95B29877207001CEAB3 /* Roboto-Thin.ttf */,
				C509F95D29877207001CEAB3 /* Roboto-ThinItalic.ttf */,
			);
			path = Font;
			sourceTree = "<group>";
		};
		C5134DEB29869F40004697D1 = {
			isa = PBXGroup;
			children = (
				C5134DF629869F40004697D1 /* MindValleyTask */,
				C5134E0729869F42004697D1 /* MindValleyTaskTests */,
				C5134DF529869F40004697D1 /* Products */,
				E8E91D5D2990535F004CC8BD /* Frameworks */,
			);
			sourceTree = "<group>";
		};
		C5134DF529869F40004697D1 /* Products */ = {
			isa = PBXGroup;
			children = (
				C5134DF429869F40004697D1 /* MindValleyTask.app */,
				C5134E0429869F42004697D1 /* MindValleyTaskTests.xctest */,
			);
			name = Products;
			sourceTree = "<group>";
		};
		C5134DF629869F40004697D1 /* MindValleyTask */ = {
			isa = PBXGroup;
			children = (
				C59396A9298C8B8D00386FB3 /* DB */,
				C5134E3B2986BEBD004697D1 /* Info.plist */,
				C5134E302986B4C5004697D1 /* Models */,
				C5134E2F2986B4B7004697D1 /* Network */,
				C59396A8298C66FF00386FB3 /* Home */,
				C5134DF729869F40004697D1 /* MindValleyTaskApp.swift */,
				C5134E372986BDDE004697D1 /* Sources */,
				C5134DFD29869F42004697D1 /* Preview Content */,
			);
			path = MindValleyTask;
			sourceTree = "<group>";
		};
		C5134DFD29869F42004697D1 /* Preview Content */ = {
			isa = PBXGroup;
			children = (
				C5134DFE29869F42004697D1 /* Preview Assets.xcassets */,
			);
			path = "Preview Content";
			sourceTree = "<group>";
		};
		C5134E0729869F42004697D1 /* MindValleyTaskTests */ = {
			isa = PBXGroup;
			children = (
				E8E91D60299054D3004CC8BD /* HomeGatewayMock.swift */,
				C5134E0829869F42004697D1 /* ViewModelTests.swift */,
				E8E91D6229905707004CC8BD /* DataSourceTests.swift */,
			);
			path = MindValleyTaskTests;
			sourceTree = "<group>";
		};
		C5134E2F2986B4B7004697D1 /* Network */ = {
			isa = PBXGroup;
			children = (
				C593969E298BCBA000386FB3 /* APIManager.swift */,
				C59396A0298BCF9600386FB3 /* APIError.swift */,
				C59396A2298BD2DA00386FB3 /* DecodingService.swift */,
				C59396A4298BDA9F00386FB3 /* HomeGateway .swift */,
			);
			path = Network;
			sourceTree = "<group>";
		};
		C5134E302986B4C5004697D1 /* Models */ = {
			isa = PBXGroup;
			children = (
				C5134E312986B5B8004697D1 /* NewEpisodesModel.swift */,
				C5134E332986B630004697D1 /* ChannelModel.swift */,
				C5134E352986B7E2004697D1 /* CategoryModel.swift */,
			);
			path = Models;
			sourceTree = "<group>";
		};
		C5134E372986BDDE004697D1 /* Sources */ = {
			isa = PBXGroup;
			children = (
				C509F973298775FD001CEAB3 /* Font */,
				C5134DFB29869F42004697D1 /* Assets.xcassets */,
			);
			path = Sources;
			sourceTree = "<group>";
		};
		C5785D7B298FD09A00B77EEA /* DBModels */ = {
			isa = PBXGroup;
			children = (
				C5785D80298FDF5B00B77EEA /* ChannelDB.swift */,
				E8E78108299045C90068EBAD /* EpisodeEntity+CoreDataClass.swift */,
				E8E7810A299045FD0068EBAD /* EpisodeEntity+CoreDataProperties.swift */,
				C59A690329904C7A0001364F /* CategoryEntity+CoreDataClass.swift */,
				C59A690529904CC30001364F /* CategoryEntity+CoreDataProperties.swift */,
			);
			path = DBModels;
			sourceTree = "<group>";
		};
		C59396A8298C66FF00386FB3 /* Home */ = {
			isa = PBXGroup;
			children = (
				C5134DF929869F40004697D1 /* HomeView.swift */,
				C59396A6298C66F800386FB3 /* HomeVM.swift */,
				C5F5FAFC298E8EC300581BC0 /* HomeDataSource.swift */,
			);
			path = Home;
			sourceTree = "<group>";
		};
		C59396A9298C8B8D00386FB3 /* DB */ = {
			isa = PBXGroup;
			children = (
				C5785D7B298FD09A00B77EEA /* DBModels */,
				C59A68FF299039BA0001364F /* DatabaseManager.swift */,
				C59A6901299039E20001364F /* CoreDataStackManager.swift */,
				E8E78103299040170068EBAD /* HomeLocalDataSource.swift */,
				E8E78105299044940068EBAD /* Episodes.xcdatamodeld */,
			);
			path = DB;
			sourceTree = "<group>";
		};
		E8E91D5D2990535F004CC8BD /* Frameworks */ = {
			isa = PBXGroup;
			children = (
			);
			name = Frameworks;
			sourceTree = "<group>";
		};
/* End PBXGroup section */

/* Begin PBXNativeTarget section */
		C5134DF329869F40004697D1 /* MindValleyTask */ = {
			isa = PBXNativeTarget;
			buildConfigurationList = C5134E1829869F42004697D1 /* Build configuration list for PBXNativeTarget "MindValleyTask" */;
			buildPhases = (
				C5134DF029869F40004697D1 /* Sources */,
				C5134DF129869F40004697D1 /* Frameworks */,
				C5134DF229869F40004697D1 /* Resources */,
			);
			buildRules = (
			);
			dependencies = (
			);
			name = MindValleyTask;
			packageProductDependencies = (
				C5134E282986B1F5004697D1 /* SDWebImageSwiftUI */,
			);
			productName = MindValleyTask;
			productReference = C5134DF429869F40004697D1 /* MindValleyTask.app */;
			productType = "com.apple.product-type.application";
		};
		C5134E0329869F42004697D1 /* MindValleyTaskTests */ = {
			isa = PBXNativeTarget;
			buildConfigurationList = C5134E1B29869F42004697D1 /* Build configuration list for PBXNativeTarget "MindValleyTaskTests" */;
			buildPhases = (
				C5134E0029869F42004697D1 /* Sources */,
				C5134E0129869F42004697D1 /* Frameworks */,
				C5134E0229869F42004697D1 /* Resources */,
			);
			buildRules = (
			);
			dependencies = (
				C5134E0629869F42004697D1 /* PBXTargetDependency */,
			);
			name = MindValleyTaskTests;
			packageProductDependencies = (
				E8E91D5E2990535F004CC8BD /* SDWebImageSwiftUI */,
			);
			productName = MindValleyTaskTests;
			productReference = C5134E0429869F42004697D1 /* MindValleyTaskTests.xctest */;
			productType = "com.apple.product-type.bundle.unit-test";
		};
/* End PBXNativeTarget section */

/* Begin PBXProject section */
		C5134DEC29869F40004697D1 /* Project object */ = {
			isa = PBXProject;
			attributes = {
				BuildIndependentTargetsInParallel = 1;
				LastSwiftUpdateCheck = 1420;
				LastUpgradeCheck = 1420;
				TargetAttributes = {
					C5134DF329869F40004697D1 = {
						CreatedOnToolsVersion = 14.2;
					};
					C5134E0329869F42004697D1 = {
						CreatedOnToolsVersion = 14.2;
						TestTargetID = C5134DF329869F40004697D1;
					};
				};
			};
			buildConfigurationList = C5134DEF29869F40004697D1 /* Build configuration list for PBXProject "MindValleyTask" */;
			compatibilityVersion = "Xcode 14.0";
			developmentRegion = en;
			hasScannedForEncodings = 0;
			knownRegions = (
				en,
				Base,
			);
			mainGroup = C5134DEB29869F40004697D1;
			packageReferences = (
				C5134E272986B1F5004697D1 /* XCRemoteSwiftPackageReference "SDWebImageSwiftUI" */,
			);
			productRefGroup = C5134DF529869F40004697D1 /* Products */;
			projectDirPath = "";
			projectRoot = "";
			targets = (
				C5134DF329869F40004697D1 /* MindValleyTask */,
				C5134E0329869F42004697D1 /* MindValleyTaskTests */,
			);
		};
/* End PBXProject section */

/* Begin PBXResourcesBuildPhase section */
		C5134DF229869F40004697D1 /* Resources */ = {
			isa = PBXResourcesBuildPhase;
			buildActionMask = 2147483647;
			files = (
				C509F96729877207001CEAB3 /* Roboto-Thin.ttf in Resources */,
				C509F96829877207001CEAB3 /* Roboto-Italic.ttf in Resources */,
				C509F96929877207001CEAB3 /* Roboto-ThinItalic.ttf in Resources */,
				C509F96A29877207001CEAB3 /* Roboto-MediumItalic.ttf in Resources */,
				C509F96B29877207001CEAB3 /* Roboto-Bold.ttf in Resources */,
				C509F96C29877207001CEAB3 /* Roboto-Medium.ttf in Resources */,
				C509F96D29877207001CEAB3 /* Roboto-Regular.ttf in Resources */,
				C509F96E29877207001CEAB3 /* Roboto-Light.ttf in Resources */,
				C509F96F29877207001CEAB3 /* Roboto-BlackItalic.ttf in Resources */,
				C509F97029877207001CEAB3 /* Roboto-BoldItalic.ttf in Resources */,
				C509F97129877207001CEAB3 /* Roboto-Black.ttf in Resources */,
				C509F97229877207001CEAB3 /* Roboto-LightItalic.ttf in Resources */,
				C5134DFF29869F42004697D1 /* Preview Assets.xcassets in Resources */,
				C5134DFC29869F42004697D1 /* Assets.xcassets in Resources */,
			);
			runOnlyForDeploymentPostprocessing = 0;
		};
		C5134E0229869F42004697D1 /* Resources */ = {
			isa = PBXResourcesBuildPhase;
			buildActionMask = 2147483647;
			files = (
			);
			runOnlyForDeploymentPostprocessing = 0;
		};
/* End PBXResourcesBuildPhase section */

/* Begin PBXSourcesBuildPhase section */
		C5134DF029869F40004697D1 /* Sources */ = {
			isa = PBXSourcesBuildPhase;
			buildActionMask = 2147483647;
			files = (
				C59A6900299039BA0001364F /* DatabaseManager.swift in Sources */,
				C593969F298BCBA000386FB3 /* APIManager.swift in Sources */,
				C59A690429904C7A0001364F /* CategoryEntity+CoreDataClass.swift in Sources */,
				C59396A7298C66F800386FB3 /* HomeVM.swift in Sources */,
				C59A6902299039E20001364F /* CoreDataStackManager.swift in Sources */,
				C5134DFA29869F40004697D1 /* HomeView.swift in Sources */,
				C5134E322986B5B8004697D1 /* NewEpisodesModel.swift in Sources */,
				E8E7810B299045FD0068EBAD /* EpisodeEntity+CoreDataProperties.swift in Sources */,
				C59A690629904CC30001364F /* CategoryEntity+CoreDataProperties.swift in Sources */,
				E8E78109299045C90068EBAD /* EpisodeEntity+CoreDataClass.swift in Sources */,
				C5134DF829869F40004697D1 /* MindValleyTaskApp.swift in Sources */,
				E8E78107299044940068EBAD /* Episodes.xcdatamodeld in Sources */,
				C5785D81298FDF5B00B77EEA /* ChannelDB.swift in Sources */,
				E8E78104299040170068EBAD /* HomeLocalDataSource.swift in Sources */,
				C59396A5298BDA9F00386FB3 /* HomeGateway .swift in Sources */,
				C5F5FAFD298E8EC300581BC0 /* HomeDataSource.swift in Sources */,
				C5134E362986B7E2004697D1 /* CategoryModel.swift in Sources */,
				C5134E342986B630004697D1 /* ChannelModel.swift in Sources */,
				C59396A3298BD2DA00386FB3 /* DecodingService.swift in Sources */,
				C59396A1298BCF9600386FB3 /* APIError.swift in Sources */,
			);
			runOnlyForDeploymentPostprocessing = 0;
		};
		C5134E0029869F42004697D1 /* Sources */ = {
			isa = PBXSourcesBuildPhase;
			buildActionMask = 2147483647;
			files = (
				E8E91D6329905707004CC8BD /* DataSourceTests.swift in Sources */,
				C5134E0929869F42004697D1 /* ViewModelTests.swift in Sources */,
				E8E91D61299054D3004CC8BD /* HomeGatewayMock.swift in Sources */,
			);
			runOnlyForDeploymentPostprocessing = 0;
		};
/* End PBXSourcesBuildPhase section */

/* Begin PBXTargetDependency section */
		C5134E0629869F42004697D1 /* PBXTargetDependency */ = {
			isa = PBXTargetDependency;
			target = C5134DF329869F40004697D1 /* MindValleyTask */;
			targetProxy = C5134E0529869F42004697D1 /* PBXContainerItemProxy */;
		};
/* End PBXTargetDependency section */

/* Begin XCBuildConfiguration section */
		C5134E1629869F42004697D1 /* Debug */ = {
			isa = XCBuildConfiguration;
			buildSettings = {
				ALWAYS_SEARCH_USER_PATHS = NO;
				CLANG_ANALYZER_NONNULL = YES;
				CLANG_ANALYZER_NUMBER_OBJECT_CONVERSION = YES_AGGRESSIVE;
				CLANG_CXX_LANGUAGE_STANDARD = "gnu++20";
				CLANG_ENABLE_MODULES = YES;
				CLANG_ENABLE_OBJC_ARC = YES;
				CLANG_ENABLE_OBJC_WEAK = YES;
				CLANG_WARN_BLOCK_CAPTURE_AUTORELEASING = YES;
				CLANG_WARN_BOOL_CONVERSION = YES;
				CLANG_WARN_COMMA = YES;
				CLANG_WARN_CONSTANT_CONVERSION = YES;
				CLANG_WARN_DEPRECATED_OBJC_IMPLEMENTATIONS = YES;
				CLANG_WARN_DIRECT_OBJC_ISA_USAGE = YES_ERROR;
				CLANG_WARN_DOCUMENTATION_COMMENTS = YES;
				CLANG_WARN_EMPTY_BODY = YES;
				CLANG_WARN_ENUM_CONVERSION = YES;
				CLANG_WARN_INFINITE_RECURSION = YES;
				CLANG_WARN_INT_CONVERSION = YES;
				CLANG_WARN_NON_LITERAL_NULL_CONVERSION = YES;
				CLANG_WARN_OBJC_IMPLICIT_RETAIN_SELF = YES;
				CLANG_WARN_OBJC_LITERAL_CONVERSION = YES;
				CLANG_WARN_OBJC_ROOT_CLASS = YES_ERROR;
				CLANG_WARN_QUOTED_INCLUDE_IN_FRAMEWORK_HEADER = YES;
				CLANG_WARN_RANGE_LOOP_ANALYSIS = YES;
				CLANG_WARN_STRICT_PROTOTYPES = YES;
				CLANG_WARN_SUSPICIOUS_MOVE = YES;
				CLANG_WARN_UNGUARDED_AVAILABILITY = YES_AGGRESSIVE;
				CLANG_WARN_UNREACHABLE_CODE = YES;
				CLANG_WARN__DUPLICATE_METHOD_MATCH = YES;
				COPY_PHASE_STRIP = NO;
				DEBUG_INFORMATION_FORMAT = dwarf;
				ENABLE_STRICT_OBJC_MSGSEND = YES;
				ENABLE_TESTABILITY = YES;
				GCC_C_LANGUAGE_STANDARD = gnu11;
				GCC_DYNAMIC_NO_PIC = NO;
				GCC_NO_COMMON_BLOCKS = YES;
				GCC_OPTIMIZATION_LEVEL = 0;
				GCC_PREPROCESSOR_DEFINITIONS = (
					"DEBUG=1",
					"$(inherited)",
				);
				GCC_WARN_64_TO_32_BIT_CONVERSION = YES;
				GCC_WARN_ABOUT_RETURN_TYPE = YES_ERROR;
				GCC_WARN_UNDECLARED_SELECTOR = YES;
				GCC_WARN_UNINITIALIZED_AUTOS = YES_AGGRESSIVE;
				GCC_WARN_UNUSED_FUNCTION = YES;
				GCC_WARN_UNUSED_VARIABLE = YES;
				IPHONEOS_DEPLOYMENT_TARGET = 14.0;
				MTL_ENABLE_DEBUG_INFO = INCLUDE_SOURCE;
				MTL_FAST_MATH = YES;
				ONLY_ACTIVE_ARCH = YES;
				SDKROOT = iphoneos;
				SWIFT_ACTIVE_COMPILATION_CONDITIONS = DEBUG;
				SWIFT_OPTIMIZATION_LEVEL = "-Onone";
			};
			name = Debug;
		};
		C5134E1729869F42004697D1 /* Release */ = {
			isa = XCBuildConfiguration;
			buildSettings = {
				ALWAYS_SEARCH_USER_PATHS = NO;
				CLANG_ANALYZER_NONNULL = YES;
				CLANG_ANALYZER_NUMBER_OBJECT_CONVERSION = YES_AGGRESSIVE;
				CLANG_CXX_LANGUAGE_STANDARD = "gnu++20";
				CLANG_ENABLE_MODULES = YES;
				CLANG_ENABLE_OBJC_ARC = YES;
				CLANG_ENABLE_OBJC_WEAK = YES;
				CLANG_WARN_BLOCK_CAPTURE_AUTORELEASING = YES;
				CLANG_WARN_BOOL_CONVERSION = YES;
				CLANG_WARN_COMMA = YES;
				CLANG_WARN_CONSTANT_CONVERSION = YES;
				CLANG_WARN_DEPRECATED_OBJC_IMPLEMENTATIONS = YES;
				CLANG_WARN_DIRECT_OBJC_ISA_USAGE = YES_ERROR;
				CLANG_WARN_DOCUMENTATION_COMMENTS = YES;
				CLANG_WARN_EMPTY_BODY = YES;
				CLANG_WARN_ENUM_CONVERSION = YES;
				CLANG_WARN_INFINITE_RECURSION = YES;
				CLANG_WARN_INT_CONVERSION = YES;
				CLANG_WARN_NON_LITERAL_NULL_CONVERSION = YES;
				CLANG_WARN_OBJC_IMPLICIT_RETAIN_SELF = YES;
				CLANG_WARN_OBJC_LITERAL_CONVERSION = YES;
				CLANG_WARN_OBJC_ROOT_CLASS = YES_ERROR;
				CLANG_WARN_QUOTED_INCLUDE_IN_FRAMEWORK_HEADER = YES;
				CLANG_WARN_RANGE_LOOP_ANALYSIS = YES;
				CLANG_WARN_STRICT_PROTOTYPES = YES;
				CLANG_WARN_SUSPICIOUS_MOVE = YES;
				CLANG_WARN_UNGUARDED_AVAILABILITY = YES_AGGRESSIVE;
				CLANG_WARN_UNREACHABLE_CODE = YES;
				CLANG_WARN__DUPLICATE_METHOD_MATCH = YES;
				COPY_PHASE_STRIP = NO;
				DEBUG_INFORMATION_FORMAT = "dwarf-with-dsym";
				ENABLE_NS_ASSERTIONS = NO;
				ENABLE_STRICT_OBJC_MSGSEND = YES;
				GCC_C_LANGUAGE_STANDARD = gnu11;
				GCC_NO_COMMON_BLOCKS = YES;
				GCC_WARN_64_TO_32_BIT_CONVERSION = YES;
				GCC_WARN_ABOUT_RETURN_TYPE = YES_ERROR;
				GCC_WARN_UNDECLARED_SELECTOR = YES;
				GCC_WARN_UNINITIALIZED_AUTOS = YES_AGGRESSIVE;
				GCC_WARN_UNUSED_FUNCTION = YES;
				GCC_WARN_UNUSED_VARIABLE = YES;
				IPHONEOS_DEPLOYMENT_TARGET = 14.0;
				MTL_ENABLE_DEBUG_INFO = NO;
				MTL_FAST_MATH = YES;
				SDKROOT = iphoneos;
				SWIFT_COMPILATION_MODE = wholemodule;
				SWIFT_OPTIMIZATION_LEVEL = "-O";
				VALIDATE_PRODUCT = YES;
			};
			name = Release;
		};
		C5134E1929869F42004697D1 /* Debug */ = {
			isa = XCBuildConfiguration;
			buildSettings = {
				ASSETCATALOG_COMPILER_APPICON_NAME = AppIcon;
				ASSETCATALOG_COMPILER_GLOBAL_ACCENT_COLOR_NAME = AccentColor;
				CODE_SIGN_STYLE = Manual;
				CURRENT_PROJECT_VERSION = 1;
				DEVELOPMENT_ASSET_PATHS = "\"MindValleyTask/Preview Content\"";
				DEVELOPMENT_TEAM = "";
				ENABLE_PREVIEWS = YES;
				GENERATE_INFOPLIST_FILE = YES;
				INFOPLIST_FILE = MindValleyTask/Info.plist;
				INFOPLIST_KEY_UIApplicationSceneManifest_Generation = YES;
				INFOPLIST_KEY_UIApplicationSupportsIndirectInputEvents = YES;
				INFOPLIST_KEY_UILaunchScreen_Generation = YES;
				INFOPLIST_KEY_UISupportedInterfaceOrientations_iPad = "UIInterfaceOrientationPortrait UIInterfaceOrientationPortraitUpsideDown UIInterfaceOrientationLandscapeLeft UIInterfaceOrientationLandscapeRight";
				INFOPLIST_KEY_UISupportedInterfaceOrientations_iPhone = "UIInterfaceOrientationPortrait UIInterfaceOrientationLandscapeLeft UIInterfaceOrientationLandscapeRight";
				LD_RUNPATH_SEARCH_PATHS = (
					"$(inherited)",
					"@executable_path/Frameworks",
				);
				MARKETING_VERSION = 1.0;
				PRODUCT_BUNDLE_IDENTIFIER = com.test;
				PRODUCT_NAME = "$(TARGET_NAME)";
				PROVISIONING_PROFILE_SPECIFIER = "";
				SWIFT_EMIT_LOC_STRINGS = YES;
				SWIFT_VERSION = 5.0;
				TARGETED_DEVICE_FAMILY = "1,2";
			};
			name = Debug;
		};
		C5134E1A29869F42004697D1 /* Release */ = {
			isa = XCBuildConfiguration;
			buildSettings = {
				ASSETCATALOG_COMPILER_APPICON_NAME = AppIcon;
				ASSETCATALOG_COMPILER_GLOBAL_ACCENT_COLOR_NAME = AccentColor;
				CODE_SIGN_STYLE = Manual;
				CURRENT_PROJECT_VERSION = 1;
				DEVELOPMENT_ASSET_PATHS = "\"MindValleyTask/Preview Content\"";
				DEVELOPMENT_TEAM = "";
				ENABLE_PREVIEWS = YES;
				GENERATE_INFOPLIST_FILE = YES;
				INFOPLIST_FILE = MindValleyTask/Info.plist;
				INFOPLIST_KEY_UIApplicationSceneManifest_Generation = YES;
				INFOPLIST_KEY_UIApplicationSupportsIndirectInputEvents = YES;
				INFOPLIST_KEY_UILaunchScreen_Generation = YES;
				INFOPLIST_KEY_UISupportedInterfaceOrientations_iPad = "UIInterfaceOrientationPortrait UIInterfaceOrientationPortraitUpsideDown UIInterfaceOrientationLandscapeLeft UIInterfaceOrientationLandscapeRight";
				INFOPLIST_KEY_UISupportedInterfaceOrientations_iPhone = "UIInterfaceOrientationPortrait UIInterfaceOrientationLandscapeLeft UIInterfaceOrientationLandscapeRight";
				LD_RUNPATH_SEARCH_PATHS = (
					"$(inherited)",
					"@executable_path/Frameworks",
				);
				MARKETING_VERSION = 1.0;
				PRODUCT_BUNDLE_IDENTIFIER = com.test;
				PRODUCT_NAME = "$(TARGET_NAME)";
				PROVISIONING_PROFILE_SPECIFIER = "";
				SWIFT_EMIT_LOC_STRINGS = YES;
				SWIFT_VERSION = 5.0;
				TARGETED_DEVICE_FAMILY = "1,2";
			};
			name = Release;
		};
		C5134E1C29869F42004697D1 /* Debug */ = {
			isa = XCBuildConfiguration;
			buildSettings = {
				ALWAYS_EMBED_SWIFT_STANDARD_LIBRARIES = YES;
				BUNDLE_LOADER = "$(TEST_HOST)";
				CODE_SIGN_STYLE = Automatic;
				CURRENT_PROJECT_VERSION = 1;
				DEVELOPMENT_TEAM = W43QJ5WHKX;
				GENERATE_INFOPLIST_FILE = YES;
				IPHONEOS_DEPLOYMENT_TARGET = 14.0;
				MARKETING_VERSION = 1.0;
				PRODUCT_BUNDLE_IDENTIFIER = com.Amr.MindValleyTaskTests;
				PRODUCT_NAME = "$(TARGET_NAME)";
				SWIFT_EMIT_LOC_STRINGS = NO;
				SWIFT_VERSION = 5.0;
				TARGETED_DEVICE_FAMILY = "1,2";
				TEST_HOST = "$(BUILT_PRODUCTS_DIR)/MindValleyTask.app/$(BUNDLE_EXECUTABLE_FOLDER_PATH)/MindValleyTask";
			};
			name = Debug;
		};
		C5134E1D29869F42004697D1 /* Release */ = {
			isa = XCBuildConfiguration;
			buildSettings = {
				ALWAYS_EMBED_SWIFT_STANDARD_LIBRARIES = YES;
				BUNDLE_LOADER = "$(TEST_HOST)";
				CODE_SIGN_STYLE = Automatic;
				CURRENT_PROJECT_VERSION = 1;
				DEVELOPMENT_TEAM = W43QJ5WHKX;
				GENERATE_INFOPLIST_FILE = YES;
				IPHONEOS_DEPLOYMENT_TARGET = 14.0;
				MARKETING_VERSION = 1.0;
				PRODUCT_BUNDLE_IDENTIFIER = com.Amr.MindValleyTaskTests;
				PRODUCT_NAME = "$(TARGET_NAME)";
				SWIFT_EMIT_LOC_STRINGS = NO;
				SWIFT_VERSION = 5.0;
				TARGETED_DEVICE_FAMILY = "1,2";
				TEST_HOST = "$(BUILT_PRODUCTS_DIR)/MindValleyTask.app/$(BUNDLE_EXECUTABLE_FOLDER_PATH)/MindValleyTask";
			};
			name = Release;
		};
/* End XCBuildConfiguration section */

/* Begin XCConfigurationList section */
		C5134DEF29869F40004697D1 /* Build configuration list for PBXProject "MindValleyTask" */ = {
			isa = XCConfigurationList;
			buildConfigurations = (
				C5134E1629869F42004697D1 /* Debug */,
				C5134E1729869F42004697D1 /* Release */,
			);
			defaultConfigurationIsVisible = 0;
			defaultConfigurationName = Release;
		};
		C5134E1829869F42004697D1 /* Build configuration list for PBXNativeTarget "MindValleyTask" */ = {
			isa = XCConfigurationList;
			buildConfigurations = (
				C5134E1929869F42004697D1 /* Debug */,
				C5134E1A29869F42004697D1 /* Release */,
			);
			defaultConfigurationIsVisible = 0;
			defaultConfigurationName = Release;
		};
		C5134E1B29869F42004697D1 /* Build configuration list for PBXNativeTarget "MindValleyTaskTests" */ = {
			isa = XCConfigurationList;
			buildConfigurations = (
				C5134E1C29869F42004697D1 /* Debug */,
				C5134E1D29869F42004697D1 /* Release */,
			);
			defaultConfigurationIsVisible = 0;
			defaultConfigurationName = Release;
		};
/* End XCConfigurationList section */

/* Begin XCRemoteSwiftPackageReference section */
		C5134E272986B1F5004697D1 /* XCRemoteSwiftPackageReference "SDWebImageSwiftUI" */ = {
			isa = XCRemoteSwiftPackageReference;
			repositoryURL = "https://github.com/SDWebImage/SDWebImageSwiftUI.git";
			requirement = {
				kind = upToNextMajorVersion;
				minimumVersion = 2.0.0;
			};
		};
/* End XCRemoteSwiftPackageReference section */

/* Begin XCSwiftPackageProductDependency section */
		C5134E282986B1F5004697D1 /* SDWebImageSwiftUI */ = {
			isa = XCSwiftPackageProductDependency;
			package = C5134E272986B1F5004697D1 /* XCRemoteSwiftPackageReference "SDWebImageSwiftUI" */;
			productName = SDWebImageSwiftUI;
		};
		E8E91D5E2990535F004CC8BD /* SDWebImageSwiftUI */ = {
			isa = XCSwiftPackageProductDependency;
			package = C5134E272986B1F5004697D1 /* XCRemoteSwiftPackageReference "SDWebImageSwiftUI" */;
			productName = SDWebImageSwiftUI;
		};
/* End XCSwiftPackageProductDependency section */

/* Begin XCVersionGroup section */
		E8E78105299044940068EBAD /* Episodes.xcdatamodeld */ = {
			isa = XCVersionGroup;
			children = (
				E8E78106299044940068EBAD /* Episodes.xcdatamodel */,
			);
			currentVersion = E8E78106299044940068EBAD /* Episodes.xcdatamodel */;
			path = Episodes.xcdatamodeld;
			sourceTree = "<group>";
			versionGroupType = wrapper.xcdatamodel;
		};
/* End XCVersionGroup section */
	};
	rootObject = C5134DEC29869F40004697D1 /* Project object */;
}
